// !$*UTF8*$!
{
	archiveVersion = 1;
	classes = {
	};
	objectVersion = 44;
	objects = {

/* Begin PBXBuildFile section */
		4DDCA7060ACC9A6100E082CE /* MainMenu.nib in Resources */ = {isa = PBXBuildFile; fileRef = 29B97318FDCFA39411CA2CEA /* MainMenu.nib */; };
		4DDCA7070ACC9A6100E082CE /* InfoPlist.strings in Resources */ = {isa = PBXBuildFile; fileRef = 089C165CFE840E0CC02AAC07 /* InfoPlist.strings */; };
		4DDCA7080ACC9A6100E082CE /* rb_main.rb in Resources */ = {isa = PBXBuildFile; fileRef = E8F5E25803AEB7C803A81C6F /* rb_main.rb */; };
		4DDCA70A0ACC9A6100E082CE /* main.m in Sources */ = {isa = PBXBuildFile; fileRef = 29B97316FDCFA39411CA2CEA /* main.m */; settings = {ATTRIBUTES = (); }; };
		4DDCA70C0ACC9A6100E082CE /* Cocoa.framework in Frameworks */ = {isa = PBXBuildFile; fileRef = 1058C7A1FEA54F0111CA2CBB /* Cocoa.framework */; };
		4DDCA70D0ACC9A6100E082CE /* RubyCocoa.framework in Frameworks */ = {isa = PBXBuildFile; fileRef = E8F5E24E03AEB6EC03A81C6F /* RubyCocoa.framework */; };
		7802BB180E16B1B300BC4F40 /* ToString.rb in Resources */ = {isa = PBXBuildFile; fileRef = 7802BB170E16B1B300BC4F40 /* ToString.rb */; };
		781740680E12E58A00B14EE4 /* Constants.rb in Resources */ = {isa = PBXBuildFile; fileRef = 781740670E12E58A00B14EE4 /* Constants.rb */; };
		78189E840E11855B00D8181C /* TranslatorEnlister.rb in Resources */ = {isa = PBXBuildFile; fileRef = 78189E830E11855B00D8181C /* TranslatorEnlister.rb */; };
		785B0E060DD66DC5000CD6DA /* NSPatches.rb in Resources */ = {isa = PBXBuildFile; fileRef = 785B0E050DD66DC5000CD6DA /* NSPatches.rb */; };
		78AAE0D80E11488B004C0314 /* WindowController.rb in Resources */ = {isa = PBXBuildFile; fileRef = 78AAE0D70E11488B004C0314 /* WindowController.rb */; };
		78AAE0DA0E1148B0004C0314 /* LogController.rb in Resources */ = {isa = PBXBuildFile; fileRef = 78AAE0D90E1148B0004C0314 /* LogController.rb */; };
		78AAE0DC0E1148D7004C0314 /* AppChoiceController.rb in Resources */ = {isa = PBXBuildFile; fileRef = 78AAE0DB0E1148D7004C0314 /* AppChoiceController.rb */; };
		78AFA0AD0E1AC2DD00F9EEF9 /* NotificationBox.rb in Resources */ = {isa = PBXBuildFile; fileRef = 78AFA0AC0E1AC2DD00F9EEF9 /* NotificationBox.rb */; };
		78C5A8F20E17FDD40006B600 /* Notifiable.rb in Resources */ = {isa = PBXBuildFile; fileRef = 78C5A8EF0E17FDD30006B600 /* Notifiable.rb */; };
		78C5A8F30E17FDD40006B600 /* Delegatable.rb in Resources */ = {isa = PBXBuildFile; fileRef = 78C5A8F00E17FDD30006B600 /* Delegatable.rb */; };
		78E1E4DA0DD61BA3005A0E63 /* Controller.rb in Resources */ = {isa = PBXBuildFile; fileRef = 78E1E4D90DD61BA3005A0E63 /* Controller.rb */; };
/* End PBXBuildFile section */

/* Begin PBXFileReference section */
		089C165DFE840E0CC02AAC07 /* English */ = {isa = PBXFileReference; fileEncoding = 10; lastKnownFileType = text.plist.strings; name = English; path = English.lproj/InfoPlist.strings; sourceTree = "<group>"; };
		1058C7A1FEA54F0111CA2CBB /* Cocoa.framework */ = {isa = PBXFileReference; lastKnownFileType = wrapper.framework; name = Cocoa.framework; path = /System/Library/Frameworks/Cocoa.framework; sourceTree = "<absolute>"; };
		29B97316FDCFA39411CA2CEA /* main.m */ = {isa = PBXFileReference; fileEncoding = 30; lastKnownFileType = sourcecode.c.objc; path = main.m; sourceTree = "<group>"; };
		29B97319FDCFA39411CA2CEA /* English */ = {isa = PBXFileReference; lastKnownFileType = wrapper.nib; name = English; path = English.lproj/MainMenu.nib; sourceTree = "<group>"; };
		29B97324FDCFA39411CA2CEA /* AppKit.framework */ = {isa = PBXFileReference; lastKnownFileType = wrapper.framework; name = AppKit.framework; path = /System/Library/Frameworks/AppKit.framework; sourceTree = "<absolute>"; };
		29B97325FDCFA39411CA2CEA /* Foundation.framework */ = {isa = PBXFileReference; lastKnownFileType = wrapper.framework; name = Foundation.framework; path = /System/Library/Frameworks/Foundation.framework; sourceTree = "<absolute>"; };
		4DDCA7110ACC9A6100E082CE /* Info.plist */ = {isa = PBXFileReference; lastKnownFileType = text.xml; path = Info.plist; sourceTree = "<group>"; };
		4DDCA7120ACC9A6100E082CE /* Fenestra.app */ = {isa = PBXFileReference; explicitFileType = wrapper.application; includeInIndex = 0; path = Fenestra.app; sourceTree = BUILT_PRODUCTS_DIR; };
		7802BB170E16B1B300BC4F40 /* ToString.rb */ = {isa = PBXFileReference; fileEncoding = 4; lastKnownFileType = text.script.ruby; path = ToString.rb; sourceTree = "<group>"; };
		781740670E12E58A00B14EE4 /* Constants.rb */ = {isa = PBXFileReference; fileEncoding = 4; lastKnownFileType = text.script.ruby; path = Constants.rb; sourceTree = "<group>"; };
		78189E830E11855B00D8181C /* TranslatorEnlister.rb */ = {isa = PBXFileReference; fileEncoding = 4; lastKnownFileType = text.script.ruby; path = TranslatorEnlister.rb; sourceTree = "<group>"; };
		785B0E050DD66DC5000CD6DA /* NSPatches.rb */ = {isa = PBXFileReference; fileEncoding = 4; lastKnownFileType = text.script.ruby; path = NSPatches.rb; sourceTree = "<group>"; };
		78AAE0D70E11488B004C0314 /* WindowController.rb */ = {isa = PBXFileReference; fileEncoding = 4; lastKnownFileType = text.script.ruby; path = WindowController.rb; sourceTree = "<group>"; };
		78AAE0D90E1148B0004C0314 /* LogController.rb */ = {isa = PBXFileReference; fileEncoding = 4; lastKnownFileType = text.script.ruby; path = LogController.rb; sourceTree = "<group>"; };
		78AAE0DB0E1148D7004C0314 /* AppChoiceController.rb */ = {isa = PBXFileReference; fileEncoding = 4; lastKnownFileType = text.script.ruby; path = AppChoiceController.rb; sourceTree = "<group>"; };
		78AFA0AC0E1AC2DD00F9EEF9 /* NotificationBox.rb */ = {isa = PBXFileReference; fileEncoding = 4; lastKnownFileType = text.script.ruby; path = NotificationBox.rb; sourceTree = "<group>"; };
		78C5A8EF0E17FDD30006B600 /* Notifiable.rb */ = {isa = PBXFileReference; fileEncoding = 4; lastKnownFileType = text.script.ruby; path = Notifiable.rb; sourceTree = "<group>"; };
		78C5A8F00E17FDD30006B600 /* Delegatable.rb */ = {isa = PBXFileReference; fileEncoding = 4; lastKnownFileType = text.script.ruby; path = Delegatable.rb; sourceTree = "<group>"; };
		78E1E4D90DD61BA3005A0E63 /* Controller.rb */ = {isa = PBXFileReference; fileEncoding = 4; lastKnownFileType = text.script.ruby; path = Controller.rb; sourceTree = "<group>"; };
		E8F5E24E03AEB6EC03A81C6F /* RubyCocoa.framework */ = {isa = PBXFileReference; lastKnownFileType = wrapper.framework; name = RubyCocoa.framework; path = /System/Library/Frameworks/RubyCocoa.framework; sourceTree = "<absolute>"; };
		E8F5E25803AEB7C803A81C6F /* rb_main.rb */ = {isa = PBXFileReference; lastKnownFileType = text.script.ruby; path = rb_main.rb; sourceTree = "<group>"; };
/* End PBXFileReference section */

/* Begin PBXFrameworksBuildPhase section */
		4DDCA70B0ACC9A6100E082CE /* Frameworks */ = {
			isa = PBXFrameworksBuildPhase;
			buildActionMask = 2147483647;
			files = (
				4DDCA70C0ACC9A6100E082CE /* Cocoa.framework in Frameworks */,
				4DDCA70D0ACC9A6100E082CE /* RubyCocoa.framework in Frameworks */,
			);
			runOnlyForDeploymentPostprocessing = 0;
		};
/* End PBXFrameworksBuildPhase section */

/* Begin PBXGroup section */
		080E96DDFE201D6D7F000001 /* Classes */ = {
			isa = PBXGroup;
			children = (
				78189E830E11855B00D8181C /* TranslatorEnlister.rb */,
				7802BB170E16B1B300BC4F40 /* ToString.rb */,
				78AFA0AC0E1AC2DD00F9EEF9 /* NotificationBox.rb */,
				781740670E12E58A00B14EE4 /* Constants.rb */,
				78C5A8EF0E17FDD30006B600 /* Notifiable.rb */,
				78C5A8F00E17FDD30006B600 /* Delegatable.rb */,
				785B0E050DD66DC5000CD6DA /* NSPatches.rb */,
				78E1E4D90DD61BA3005A0E63 /* Controller.rb */,
				78AAE0D70E11488B004C0314 /* WindowController.rb */,
				78AAE0D90E1148B0004C0314 /* LogController.rb */,
				78AAE0DB0E1148D7004C0314 /* AppChoiceController.rb */,
			);
			name = Classes;
			sourceTree = "<group>";
		};
		1058C7A0FEA54F0111CA2CBB /* Linked Frameworks */ = {
			isa = PBXGroup;
			children = (
				1058C7A1FEA54F0111CA2CBB /* Cocoa.framework */,
				E8F5E24E03AEB6EC03A81C6F /* RubyCocoa.framework */,
			);
			name = "Linked Frameworks";
			sourceTree = "<group>";
		};
		1058C7A2FEA54F0111CA2CBB /* Other Frameworks */ = {
			isa = PBXGroup;
			children = (
				29B97325FDCFA39411CA2CEA /* Foundation.framework */,
				29B97324FDCFA39411CA2CEA /* AppKit.framework */,
			);
			name = "Other Frameworks";
			sourceTree = "<group>";
		};
		19C28FACFE9D520D11CA2CBB /* Products */ = {
			isa = PBXGroup;
			children = (
				4DDCA7120ACC9A6100E082CE /* Fenestra.app */,
			);
			name = Products;
			sourceTree = "<group>";
		};
		29B97314FDCFA39411CA2CEA /* Fenestra */ = {
			isa = PBXGroup;
			children = (
				080E96DDFE201D6D7F000001 /* Classes */,
				29B97315FDCFA39411CA2CEA /* Other Sources */,
				29B97317FDCFA39411CA2CEA /* Resources */,
				29B97323FDCFA39411CA2CEA /* Frameworks */,
				19C28FACFE9D520D11CA2CBB /* Products */,
				4DDCA7110ACC9A6100E082CE /* Info.plist */,
			);
			name = Fenestra;
			sourceTree = "<group>";
		};
		29B97315FDCFA39411CA2CEA /* Other Sources */ = {
			isa = PBXGroup;
			children = (
				29B97316FDCFA39411CA2CEA /* main.m */,
				E8F5E25803AEB7C803A81C6F /* rb_main.rb */,
			);
			name = "Other Sources";
			sourceTree = "<group>";
		};
		29B97317FDCFA39411CA2CEA /* Resources */ = {
			isa = PBXGroup;
			children = (
				29B97318FDCFA39411CA2CEA /* MainMenu.nib */,
				089C165CFE840E0CC02AAC07 /* InfoPlist.strings */,
			);
			name = Resources;
			sourceTree = "<group>";
		};
		29B97323FDCFA39411CA2CEA /* Frameworks */ = {
			isa = PBXGroup;
			children = (
				1058C7A0FEA54F0111CA2CBB /* Linked Frameworks */,
				1058C7A2FEA54F0111CA2CBB /* Other Frameworks */,
			);
			name = Frameworks;
			sourceTree = "<group>";
		};
/* End PBXGroup section */

/* Begin PBXHeadersBuildPhase section */
		4DDCA7040ACC9A6100E082CE /* Headers */ = {
			isa = PBXHeadersBuildPhase;
			buildActionMask = 2147483647;
			files = (
			);
			runOnlyForDeploymentPostprocessing = 0;
		};
/* End PBXHeadersBuildPhase section */

/* Begin PBXNativeTarget section */
		4DDCA7030ACC9A6100E082CE /* Fenestra */ = {
			isa = PBXNativeTarget;
			buildConfigurationList = 4DDCA70E0ACC9A6100E082CE /* Build configuration list for PBXNativeTarget "Fenestra" */;
			buildPhases = (
				4DDCA7040ACC9A6100E082CE /* Headers */,
				4DDCA7050ACC9A6100E082CE /* Resources */,
				4DDCA7090ACC9A6100E082CE /* Sources */,
				4DDCA70B0ACC9A6100E082CE /* Frameworks */,
			);
			buildRules = (
			);
			dependencies = (
			);
			name = Fenestra;
			productInstallPath = "$(HOME)/Applications";
			productName = Fenestra;
			productReference = 4DDCA7120ACC9A6100E082CE /* Fenestra.app */;
			productType = "com.apple.product-type.application";
		};
/* End PBXNativeTarget section */

/* Begin PBXProject section */
		29B97313FDCFA39411CA2CEA /* Project object */ = {
			isa = PBXProject;
			buildConfigurationList = 4D7A7B570ABF745500C2D4C0 /* Build configuration list for PBXProject "Fenestra" */;
			compatibilityVersion = "Xcode 3.0";
			hasScannedForEncodings = 0;
			mainGroup = 29B97314FDCFA39411CA2CEA /* Fenestra */;
			projectDirPath = "";
			projectRoot = "";
			targets = (
				4DDCA7030ACC9A6100E082CE /* Fenestra */,
			);
		};
/* End PBXProject section */

/* Begin PBXResourcesBuildPhase section */
		4DDCA7050ACC9A6100E082CE /* Resources */ = {
			isa = PBXResourcesBuildPhase;
			buildActionMask = 2147483647;
			files = (
				4DDCA7060ACC9A6100E082CE /* MainMenu.nib in Resources */,
				4DDCA7070ACC9A6100E082CE /* InfoPlist.strings in Resources */,
				4DDCA7080ACC9A6100E082CE /* rb_main.rb in Resources */,
				78E1E4DA0DD61BA3005A0E63 /* Controller.rb in Resources */,
				785B0E060DD66DC5000CD6DA /* NSPatches.rb in Resources */,
				78AAE0D80E11488B004C0314 /* WindowController.rb in Resources */,
				78AAE0DA0E1148B0004C0314 /* LogController.rb in Resources */,
				78AAE0DC0E1148D7004C0314 /* AppChoiceController.rb in Resources */,
				78189E840E11855B00D8181C /* TranslatorEnlister.rb in Resources */,
				781740680E12E58A00B14EE4 /* Constants.rb in Resources */,
				7802BB180E16B1B300BC4F40 /* ToString.rb in Resources */,
				78C5A8F20E17FDD40006B600 /* Notifiable.rb in Resources */,
				78C5A8F30E17FDD40006B600 /* Delegatable.rb in Resources */,
				78AFA0AD0E1AC2DD00F9EEF9 /* NotificationBox.rb in Resources */,
			);
			runOnlyForDeploymentPostprocessing = 0;
		};
/* End PBXResourcesBuildPhase section */

/* Begin PBXSourcesBuildPhase section */
		4DDCA7090ACC9A6100E082CE /* Sources */ = {
			isa = PBXSourcesBuildPhase;
			buildActionMask = 2147483647;
			files = (
				4DDCA70A0ACC9A6100E082CE /* main.m in Sources */,
			);
			runOnlyForDeploymentPostprocessing = 0;
		};
/* End PBXSourcesBuildPhase section */

/* Begin PBXVariantGroup section */
		089C165CFE840E0CC02AAC07 /* InfoPlist.strings */ = {
			isa = PBXVariantGroup;
			children = (
				089C165DFE840E0CC02AAC07 /* English */,
			);
			name = InfoPlist.strings;
			sourceTree = "<group>";
		};
		29B97318FDCFA39411CA2CEA /* MainMenu.nib */ = {
			isa = PBXVariantGroup;
			children = (
				29B97319FDCFA39411CA2CEA /* English */,
			);
			name = MainMenu.nib;
			sourceTree = "<group>";
		};
/* End PBXVariantGroup section */

/* Begin XCBuildConfiguration section */
		4D7A7B580ABF745500C2D4C0 /* Debug */ = {
			isa = XCBuildConfiguration;
			buildSettings = {
				GCC_WARN_ABOUT_RETURN_TYPE = YES;
				GCC_WARN_UNUSED_VARIABLE = YES;
				PREBINDING = NO;
				SDKROOT = "$(DEVELOPER_SDK_DIR)/MacOSX10.5.sdk";
			};
			name = Debug;
		};
		4D7A7B590ABF745500C2D4C0 /* Release */ = {
			isa = XCBuildConfiguration;
			buildSettings = {
				ARCHS = (
					ppc,
					i386,
				);
				DEBUG_INFORMATION_FORMAT = "dwarf-with-dsym";
				GCC_WARN_ABOUT_RETURN_TYPE = YES;
				GCC_WARN_UNUSED_VARIABLE = YES;
				PREBINDING = NO;
				SDKROOT = "$(DEVELOPER_SDK_DIR)/MacOSX10.5.sdk";
			};
			name = Release;
		};
		4DDCA70F0ACC9A6100E082CE /* Debug */ = {
			isa = XCBuildConfiguration;
			buildSettings = {
				COPY_PHASE_STRIP = NO;
				GCC_DYNAMIC_NO_PIC = NO;
				GCC_ENABLE_FIX_AND_CONTINUE = YES;
				GCC_MODEL_TUNING = G5;
				GCC_OPTIMIZATION_LEVEL = 0;
				INFOPLIST_FILE = Info.plist;
				INSTALL_PATH = "$(HOME)/Applications";
				PRODUCT_NAME = Fenestra;
				WRAPPER_EXTENSION = app;
				ZERO_LINK = YES;
			};
			name = Debug;
		};
		4DDCA7100ACC9A6100E082CE /* Release */ = {
			isa = XCBuildConfiguration;
			buildSettings = {
				ARCHS = (
					ppc,
					i386,
				);
				GCC_MODEL_TUNING = G5;
				INFOPLIST_FILE = Info.plist;
				INSTALL_PATH = "$(HOME)/Applications";
				PRODUCT_NAME = Fenestra;
				WRAPPER_EXTENSION = app;
			};
			name = Release;
		};
/* End XCBuildConfiguration section */

/* Begin XCConfigurationList section */
		4D7A7B570ABF745500C2D4C0 /* Build configuration list for PBXProject "Fenestra" */ = {
			isa = XCConfigurationList;
			buildConfigurations = (
				4D7A7B580ABF745500C2D4C0 /* Debug */,
				4D7A7B590ABF745500C2D4C0 /* Release */,
			);
			defaultConfigurationIsVisible = 0;
			defaultConfigurationName = Release;
		};
		4DDCA70E0ACC9A6100E082CE /* Build configuration list for PBXNativeTarget "Fenestra" */ = {
			isa = XCConfigurationList;
			buildConfigurations = (
				4DDCA70F0ACC9A6100E082CE /* Debug */,
				4DDCA7100ACC9A6100E082CE /* Release */,
			);
			defaultConfigurationIsVisible = 0;
			defaultConfigurationName = Release;
		};
/* End XCConfigurationList section */
	};
	rootObject = 29B97313FDCFA39411CA2CEA /* Project object */;
}
